
Microsoft Visual Studio Solution File, Format Version 12.00
# Visual Studio Version 17
VisualStudioVersion = 17.8.34316.72
MinimumVisualStudioVersion = 10.0.40219.1
Project("{9A19103F-16F7-4668-BE54-9A1E7A4F7556}") = "SuperInject", "SuperInject\SuperInject.csproj", "{144145C0-2705-47BF-BB06-F4315D7A0E55}"
EndProject
Global
	GlobalSection(SolutionConfigurationPlatforms) = preSolution
		Debug|Any CPU = Debug|Any CPU
		Release|Any CPU = Release|Any CPU
	EndGlobalSection
	GlobalSection(ProjectConfigurationPlatforms) = postSolution
		{144145C0-2705-47BF-BB06-F4315D7A0E55}.Debug|Any CPU.ActiveCfg = Debug|Any CPU
		{144145C0-2705-47BF-BB06-F4315D7A0E55}.Debug|Any CPU.Build.0 = Debug|Any CPU
		{144145C0-2705-47BF-BB06-F4315D7A0E55}.Release|Any CPU.ActiveCfg = Release|Any CPU
		{144145C0-2705-47BF-BB06-F4315D7A0E55}.Release|Any CPU.Build.0 = Release|Any CPU
	EndGlobalSection
	GlobalSection(SolutionProperties) = preSolution
		HideSolutionNode = FALSE
	EndGlobalSection
	GlobalSection(ExtensibilityGlobals) = postSolution
		SolutionGuid = {B0C4232B-40B4-4A70-9AEE-DCF0A8EABA43}
	EndGlobalSection
EndGlobal
